
Microsoft Visual Studio Solution File, Format Version 12.00
# Visual Studio Version 17
VisualStudioVersion = 17.1.32407.343
MinimumVisualStudioVersion = 10.0.40219.1
Project("{FAE04EC0-301F-11D3-BF4B-00C04F79EFBC}") = "4", "4.csproj", "{6860E8DF-0C50-4003-BF97-0FB7F6C6E2B3}"
EndProject
Global
	GlobalSection(SolutionConfigurationPlatforms) = preSolution
		Debug|Any CPU = Debug|Any CPU
		Release|Any CPU = Release|Any CPU
	EndGlobalSection
	GlobalSection(ProjectConfigurationPlatforms) = postSolution
		{6860E8DF-0C50-4003-BF97-0FB7F6C6E2B3}.Debug|Any CPU.ActiveCfg = Debug|Any CPU
		{6860E8DF-0C50-4003-BF97-0FB7F6C6E2B3}.Debug|Any CPU.Build.0 = Debug|Any CPU
		{6860E8DF-0C50-4003-BF97-0FB7F6C6E2B3}.Release|Any CPU.ActiveCfg = Release|Any CPU
		{6860E8DF-0C50-4003-BF97-0FB7F6C6E2B3}.Release|Any CPU.Build.0 = Release|Any CPU
	EndGlobalSection
	GlobalSection(SolutionProperties) = preSolution
		HideSolutionNode = FALSE
	EndGlobalSection
	GlobalSection(ExtensibilityGlobals) = postSolution
		SolutionGuid = {E9525233-15E3-45BE-85B9-087B8C4471BB}
	EndGlobalSection
EndGlobal
