
Microsoft Visual Studio Solution File, Format Version 12.00
# Visual Studio Version 17
VisualStudioVersion = 17.1.32407.343
MinimumVisualStudioVersion = 10.0.40219.1
Project("{FAE04EC0-301F-11D3-BF4B-00C04F79EFBC}") = "1", "1.csproj", "{829CD0F3-1357-47FC-9B6E-641B1281D91A}"
EndProject
Global
	GlobalSection(SolutionConfigurationPlatforms) = preSolution
		Debug|Any CPU = Debug|Any CPU
		Release|Any CPU = Release|Any CPU
	EndGlobalSection
	GlobalSection(ProjectConfigurationPlatforms) = postSolution
		{829CD0F3-1357-47FC-9B6E-641B1281D91A}.Debug|Any CPU.ActiveCfg = Debug|Any CPU
		{829CD0F3-1357-47FC-9B6E-641B1281D91A}.Debug|Any CPU.Build.0 = Debug|Any CPU
		{829CD0F3-1357-47FC-9B6E-641B1281D91A}.Release|Any CPU.ActiveCfg = Release|Any CPU
		{829CD0F3-1357-47FC-9B6E-641B1281D91A}.Release|Any CPU.Build.0 = Release|Any CPU
	EndGlobalSection
	GlobalSection(SolutionProperties) = preSolution
		HideSolutionNode = FALSE
	EndGlobalSection
	GlobalSection(ExtensibilityGlobals) = postSolution
		SolutionGuid = {FC0C1231-E3E6-4A60-A304-1C04AAE06FEF}
	EndGlobalSection
EndGlobal
